
Microsoft Visual Studio Solution File, Format Version 12.00
# Visual Studio Version 18
VisualStudioVersion = 18.2.11408.102
MinimumVisualStudioVersion = 10.0.40219.1
Project("{FAE04EC0-301F-11D3-BF4B-00C04F79EFBC}") = "interview-assist-audio-windows", "interview-assist-audio-windows\interview-assist-audio-windows.csproj", "{9CE93DAB-7426-94F2-8230-B7AD74C33F60}"
EndProject
Project("{FAE04EC0-301F-11D3-BF4B-00C04F79EFBC}") = "Interview-assist-pipeline", "Interview-assist-pipeline\Interview-assist-pipeline.csproj", "{7B1E6500-E645-FA27-36C0-7CA7ED79A183}"
EndProject
Project("{FAE04EC0-301F-11D3-BF4B-00C04F79EFBC}") = "Interview-assist-pipeline-console", "Interview-assist-pipeline-console\Interview-assist-pipeline-console.csproj", "{A1480C29-BA6B-EB1C-B234-29A1CF3E4290}"
EndProject
Project("{FAE04EC0-301F-11D3-BF4B-00C04F79EFBC}") = "Interview-assist-library", "Interview-assist-library\Interview-assist-library.csproj", "{88E02CA8-A1FA-D2DC-BD1D-09F6662D1999}"
EndProject
Project("{FAE04EC0-301F-11D3-BF4B-00C04F79EFBC}") = "Interview-assist-library-unit-tests", "Interview-assist-library-unit-tests\Interview-assist-library-unit-tests.csproj", "{F060154D-36D9-4AED-80D2-BD8981A3CD70}"
EndProject
Project("{2150E333-8FDC-42A3-9474-1A3956D46DE8}") = "documentation", "documentation", "{58BDCE7F-8562-46AD-BB65-52CFDCAC1E7F}"
EndProject
Project("{2150E333-8FDC-42A3-9474-1A3956D46DE8}") = "claude-plans", "claude-plans", "{E7ADE783-533C-463A-873C-A9A9877EACFC}"
	ProjectSection(SolutionItems) = preProject
		documentation\claude-plans\Plan - Interview Assist Improvements.md = documentation\claude-plans\Plan - Interview Assist Improvements.md
	EndProjectSection
EndProject
Project("{FAE04EC0-301F-11D3-BF4B-00C04F79EFBC}") = "Interview-assist-library-integration-tests", "Interview-assist-library-integration-tests\Interview-assist-library-integration-tests.csproj", "{0948D4C2-5B05-E884-1038-E298C8D39DB5}"
EndProject
Project("{FAE04EC0-301F-11D3-BF4B-00C04F79EFBC}") = "Interview-assist-transcription-console", "Interview-assist-transcription-console\Interview-assist-transcription-console.csproj", "{4A8DE410-D494-4040-B585-EAE02ACFF5F3}"
EndProject
Project("{2150E333-8FDC-42A3-9474-1A3956D46DE8}") = "docs", "docs", "{78751797-6A9E-46A0-95BA-6D7B066ADF83}"
EndProject
Project("{2150E333-8FDC-42A3-9474-1A3956D46DE8}") = "architecture", "architecture", "{A1B2C3D4-E5F6-7890-ABCD-EF1234567890}"
	ProjectSection(SolutionItems) = preProject
		documentation\docs\architecture\SAD.md = documentation\docs\architecture\SAD.md
	EndProjectSection
EndProject
Project("{2150E333-8FDC-42A3-9474-1A3956D46DE8}") = "decisions", "decisions", "{B2C3D4E5-F6A7-8901-BCDE-F12345678901}"
	ProjectSection(SolutionItems) = preProject
		documentation\docs\architecture\decisions\ADR-001-realtime-api-websocket.md = documentation\docs\architecture\decisions\ADR-001-realtime-api-websocket.md
		documentation\docs\architecture\decisions\ADR-002-audio-capture-naudio.md = documentation\docs\architecture\decisions\ADR-002-audio-capture-naudio.md
		documentation\docs\architecture\decisions\ADR-003-question-detection-llm.md = documentation\docs\architecture\decisions\ADR-003-question-detection-llm.md
		documentation\docs\architecture\decisions\ADR-004-pipeline-vs-realtime.md = documentation\docs\architecture\decisions\ADR-004-pipeline-vs-realtime.md
		documentation\docs\architecture\decisions\ADR-005-streaming-transcription-modes.md = documentation\docs\architecture\decisions\ADR-005-streaming-transcription-modes.md
		documentation\docs\architecture\decisions\README.md = documentation\docs\architecture\decisions\README.md
	EndProjectSection
EndProject
Project("{2150E333-8FDC-42A3-9474-1A3956D46DE8}") = "todo", "todo", "{2A0CA0AD-8899-41B6-A42E-9861D2EB1C36}"
	ProjectSection(SolutionItems) = preProject
		documentation\docs\HEURISTIC_QUESTION_DETECTOR.md = documentation\docs\HEURISTIC_QUESTION_DETECTOR.md
		documentation\docs\todo\IMPROVEMENT-PLAN-0004.md = documentation\docs\todo\IMPROVEMENT-PLAN-0004.md
		documentation\docs\todo\IMPROVEMENT-PLAN-0007.md = documentation\docs\todo\IMPROVEMENT-PLAN-0007.md
	EndProjectSection
EndProject
Project("{2150E333-8FDC-42A3-9474-1A3956D46DE8}") = "todo-done", "todo-done", "{62F3D4C7-6860-46B6-B20C-CFEB323E97DE}"
	ProjectSection(SolutionItems) = preProject
		documentation\docs\appsettings.md = documentation\docs\appsettings.md
		documentation\docs\ARCHITECTURE-DOCUMENTATION-OPTIONS.md = documentation\docs\ARCHITECTURE-DOCUMENTATION-OPTIONS.md
		documentation\docs\IMPROVEMENT-PLAN-0001.md = documentation\docs\IMPROVEMENT-PLAN-0001.md
		documentation\docs\IMPROVEMENT-PLAN-0002.md = documentation\docs\IMPROVEMENT-PLAN-0002.md
		documentation\docs\IMPROVEMENT-PLAN-0003.md = documentation\docs\IMPROVEMENT-PLAN-0003.md
		documentation\docs\IMPROVEMENT-PLAN-0005.md = documentation\docs\IMPROVEMENT-PLAN-0005.md
		documentation\docs\IMPROVEMENT-PLAN-0006.md = documentation\docs\IMPROVEMENT-PLAN-0006.md
		documentation\docs\IMPROVEMENT-PLAN-0008-record-playback.md = documentation\docs\IMPROVEMENT-PLAN-0008-record-playback.md
		documentation\docs\todo\IMPROVEMENT-PLAN-0009-question-detection.md = documentation\docs\todo\IMPROVEMENT-PLAN-0009-question-detection.md
		documentation\docs\todo\IMPROVEMENT-PLAN-0010-llm-intent-detection.md = documentation\docs\todo\IMPROVEMENT-PLAN-0010-llm-intent-detection.md
		documentation\docs\RATE_LIMITING.md = documentation\docs\RATE_LIMITING.md
	EndProjectSection
EndProject
Project("{2150E333-8FDC-42A3-9474-1A3956D46DE8}") = "domain", "domain", "{DAE56BC8-6701-48C6-BB0E-11AEA66F8D9A}"
	ProjectSection(SolutionItems) = preProject
		Deepgram-overview.md = Deepgram-overview.md
		documentation\docs\Detecting Questions and Imperative Sentences in English.pdf = documentation\docs\Detecting Questions and Imperative Sentences in English.pdf
	EndProjectSection
EndProject
Project("{FAE04EC0-301F-11D3-BF4B-00C04F79EFBC}") = "Interview-assist-transcription-detection-console", "Interview-assist-transcription-detection-console\Interview-assist-transcription-detection-console.csproj", "{9A0A441F-CAC7-4665-972E-F299C443D00F}"
EndProject
Global
	GlobalSection(SolutionConfigurationPlatforms) = preSolution
		Debug|Any CPU = Debug|Any CPU
		Debug|x64 = Debug|x64
		Debug|x86 = Debug|x86
		Release|Any CPU = Release|Any CPU
		Release|x64 = Release|x64
		Release|x86 = Release|x86
	EndGlobalSection
	GlobalSection(ProjectConfigurationPlatforms) = postSolution
		{9CE93DAB-7426-94F2-8230-B7AD74C33F60}.Debug|Any CPU.ActiveCfg = Debug|Any CPU
		{9CE93DAB-7426-94F2-8230-B7AD74C33F60}.Debug|Any CPU.Build.0 = Debug|Any CPU
		{9CE93DAB-7426-94F2-8230-B7AD74C33F60}.Debug|x64.ActiveCfg = Debug|Any CPU
		{9CE93DAB-7426-94F2-8230-B7AD74C33F60}.Debug|x64.Build.0 = Debug|Any CPU
		{9CE93DAB-7426-94F2-8230-B7AD74C33F60}.Debug|x86.ActiveCfg = Debug|Any CPU
		{9CE93DAB-7426-94F2-8230-B7AD74C33F60}.Debug|x86.Build.0 = Debug|Any CPU
		{9CE93DAB-7426-94F2-8230-B7AD74C33F60}.Release|Any CPU.ActiveCfg = Release|Any CPU
		{9CE93DAB-7426-94F2-8230-B7AD74C33F60}.Release|Any CPU.Build.0 = Release|Any CPU
		{9CE93DAB-7426-94F2-8230-B7AD74C33F60}.Release|x64.ActiveCfg = Release|Any CPU
		{9CE93DAB-7426-94F2-8230-B7AD74C33F60}.Release|x64.Build.0 = Release|Any CPU
		{9CE93DAB-7426-94F2-8230-B7AD74C33F60}.Release|x86.ActiveCfg = Release|Any CPU
		{9CE93DAB-7426-94F2-8230-B7AD74C33F60}.Release|x86.Build.0 = Release|Any CPU
		{7B1E6500-E645-FA27-36C0-7CA7ED79A183}.Debug|Any CPU.ActiveCfg = Debug|Any CPU
		{7B1E6500-E645-FA27-36C0-7CA7ED79A183}.Debug|Any CPU.Build.0 = Debug|Any CPU
		{7B1E6500-E645-FA27-36C0-7CA7ED79A183}.Debug|x64.ActiveCfg = Debug|Any CPU
		{7B1E6500-E645-FA27-36C0-7CA7ED79A183}.Debug|x64.Build.0 = Debug|Any CPU
		{7B1E6500-E645-FA27-36C0-7CA7ED79A183}.Debug|x86.ActiveCfg = Debug|Any CPU
		{7B1E6500-E645-FA27-36C0-7CA7ED79A183}.Debug|x86.Build.0 = Debug|Any CPU
		{7B1E6500-E645-FA27-36C0-7CA7ED79A183}.Release|Any CPU.ActiveCfg = Release|Any CPU
		{7B1E6500-E645-FA27-36C0-7CA7ED79A183}.Release|Any CPU.Build.0 = Release|Any CPU
		{7B1E6500-E645-FA27-36C0-7CA7ED79A183}.Release|x64.ActiveCfg = Release|Any CPU
		{7B1E6500-E645-FA27-36C0-7CA7ED79A183}.Release|x64.Build.0 = Release|Any CPU
		{7B1E6500-E645-FA27-36C0-7CA7ED79A183}.Release|x86.ActiveCfg = Release|Any CPU
		{7B1E6500-E645-FA27-36C0-7CA7ED79A183}.Release|x86.Build.0 = Release|Any CPU
		{A1480C29-BA6B-EB1C-B234-29A1CF3E4290}.Debug|Any CPU.ActiveCfg = Debug|Any CPU
		{A1480C29-BA6B-EB1C-B234-29A1CF3E4290}.Debug|Any CPU.Build.0 = Debug|Any CPU
		{A1480C29-BA6B-EB1C-B234-29A1CF3E4290}.Debug|x64.ActiveCfg = Debug|Any CPU
		{A1480C29-BA6B-EB1C-B234-29A1CF3E4290}.Debug|x64.Build.0 = Debug|Any CPU
		{A1480C29-BA6B-EB1C-B234-29A1CF3E4290}.Debug|x86.ActiveCfg = Debug|Any CPU
		{A1480C29-BA6B-EB1C-B234-29A1CF3E4290}.Debug|x86.Build.0 = Debug|Any CPU
		{A1480C29-BA6B-EB1C-B234-29A1CF3E4290}.Release|Any CPU.ActiveCfg = Release|Any CPU
		{A1480C29-BA6B-EB1C-B234-29A1CF3E4290}.Release|Any CPU.Build.0 = Release|Any CPU
		{A1480C29-BA6B-EB1C-B234-29A1CF3E4290}.Release|x64.ActiveCfg = Release|Any CPU
		{A1480C29-BA6B-EB1C-B234-29A1CF3E4290}.Release|x64.Build.0 = Release|Any CPU
		{A1480C29-BA6B-EB1C-B234-29A1CF3E4290}.Release|x86.ActiveCfg = Release|Any CPU
		{A1480C29-BA6B-EB1C-B234-29A1CF3E4290}.Release|x86.Build.0 = Release|Any CPU
		{88E02CA8-A1FA-D2DC-BD1D-09F6662D1999}.Debug|Any CPU.ActiveCfg = Debug|Any CPU
		{88E02CA8-A1FA-D2DC-BD1D-09F6662D1999}.Debug|Any CPU.Build.0 = Debug|Any CPU
		{88E02CA8-A1FA-D2DC-BD1D-09F6662D1999}.Debug|x64.ActiveCfg = Debug|Any CPU
		{88E02CA8-A1FA-D2DC-BD1D-09F6662D1999}.Debug|x64.Build.0 = Debug|Any CPU
		{88E02CA8-A1FA-D2DC-BD1D-09F6662D1999}.Debug|x86.ActiveCfg = Debug|Any CPU
		{88E02CA8-A1FA-D2DC-BD1D-09F6662D1999}.Debug|x86.Build.0 = Debug|Any CPU
		{88E02CA8-A1FA-D2DC-BD1D-09F6662D1999}.Release|Any CPU.ActiveCfg = Release|Any CPU
		{88E02CA8-A1FA-D2DC-BD1D-09F6662D1999}.Release|Any CPU.Build.0 = Release|Any CPU
		{88E02CA8-A1FA-D2DC-BD1D-09F6662D1999}.Release|x64.ActiveCfg = Release|Any CPU
		{88E02CA8-A1FA-D2DC-BD1D-09F6662D1999}.Release|x64.Build.0 = Release|Any CPU
		{88E02CA8-A1FA-D2DC-BD1D-09F6662D1999}.Release|x86.ActiveCfg = Release|Any CPU
		{88E02CA8-A1FA-D2DC-BD1D-09F6662D1999}.Release|x86.Build.0 = Release|Any CPU
		{F060154D-36D9-4AED-80D2-BD8981A3CD70}.Debug|Any CPU.ActiveCfg = Debug|Any CPU
		{F060154D-36D9-4AED-80D2-BD8981A3CD70}.Debug|Any CPU.Build.0 = Debug|Any CPU
		{F060154D-36D9-4AED-80D2-BD8981A3CD70}.Debug|x64.ActiveCfg = Debug|Any CPU
		{F060154D-36D9-4AED-80D2-BD8981A3CD70}.Debug|x64.Build.0 = Debug|Any CPU
		{F060154D-36D9-4AED-80D2-BD8981A3CD70}.Debug|x86.ActiveCfg = Debug|Any CPU
		{F060154D-36D9-4AED-80D2-BD8981A3CD70}.Debug|x86.Build.0 = Debug|Any CPU
		{F060154D-36D9-4AED-80D2-BD8981A3CD70}.Release|Any CPU.ActiveCfg = Release|Any CPU
		{F060154D-36D9-4AED-80D2-BD8981A3CD70}.Release|Any CPU.Build.0 = Release|Any CPU
		{F060154D-36D9-4AED-80D2-BD8981A3CD70}.Release|x64.ActiveCfg = Release|Any CPU
		{F060154D-36D9-4AED-80D2-BD8981A3CD70}.Release|x64.Build.0 = Release|Any CPU
		{F060154D-36D9-4AED-80D2-BD8981A3CD70}.Release|x86.ActiveCfg = Release|Any CPU
		{F060154D-36D9-4AED-80D2-BD8981A3CD70}.Release|x86.Build.0 = Release|Any CPU
		{0948D4C2-5B05-E884-1038-E298C8D39DB5}.Debug|Any CPU.ActiveCfg = Debug|Any CPU
		{0948D4C2-5B05-E884-1038-E298C8D39DB5}.Debug|Any CPU.Build.0 = Debug|Any CPU
		{0948D4C2-5B05-E884-1038-E298C8D39DB5}.Debug|x64.ActiveCfg = Debug|Any CPU
		{0948D4C2-5B05-E884-1038-E298C8D39DB5}.Debug|x64.Build.0 = Debug|Any CPU
		{0948D4C2-5B05-E884-1038-E298C8D39DB5}.Debug|x86.ActiveCfg = Debug|Any CPU
		{0948D4C2-5B05-E884-1038-E298C8D39DB5}.Debug|x86.Build.0 = Debug|Any CPU
		{0948D4C2-5B05-E884-1038-E298C8D39DB5}.Release|Any CPU.ActiveCfg = Release|Any CPU
		{0948D4C2-5B05-E884-1038-E298C8D39DB5}.Release|Any CPU.Build.0 = Release|Any CPU
		{0948D4C2-5B05-E884-1038-E298C8D39DB5}.Release|x64.ActiveCfg = Release|Any CPU
		{0948D4C2-5B05-E884-1038-E298C8D39DB5}.Release|x64.Build.0 = Release|Any CPU
		{0948D4C2-5B05-E884-1038-E298C8D39DB5}.Release|x86.ActiveCfg = Release|Any CPU
		{0948D4C2-5B05-E884-1038-E298C8D39DB5}.Release|x86.Build.0 = Release|Any CPU
		{4A8DE410-D494-4040-B585-EAE02ACFF5F3}.Debug|Any CPU.ActiveCfg = Debug|Any CPU
		{4A8DE410-D494-4040-B585-EAE02ACFF5F3}.Debug|Any CPU.Build.0 = Debug|Any CPU
		{4A8DE410-D494-4040-B585-EAE02ACFF5F3}.Debug|x64.ActiveCfg = Debug|Any CPU
		{4A8DE410-D494-4040-B585-EAE02ACFF5F3}.Debug|x64.Build.0 = Debug|Any CPU
		{4A8DE410-D494-4040-B585-EAE02ACFF5F3}.Debug|x86.ActiveCfg = Debug|Any CPU
		{4A8DE410-D494-4040-B585-EAE02ACFF5F3}.Debug|x86.Build.0 = Debug|Any CPU
		{4A8DE410-D494-4040-B585-EAE02ACFF5F3}.Release|Any CPU.ActiveCfg = Release|Any CPU
		{4A8DE410-D494-4040-B585-EAE02ACFF5F3}.Release|Any CPU.Build.0 = Release|Any CPU
		{4A8DE410-D494-4040-B585-EAE02ACFF5F3}.Release|x64.ActiveCfg = Release|Any CPU
		{4A8DE410-D494-4040-B585-EAE02ACFF5F3}.Release|x64.Build.0 = Release|Any CPU
		{4A8DE410-D494-4040-B585-EAE02ACFF5F3}.Release|x86.ActiveCfg = Release|Any CPU
		{4A8DE410-D494-4040-B585-EAE02ACFF5F3}.Release|x86.Build.0 = Release|Any CPU
		{9A0A441F-CAC7-4665-972E-F299C443D00F}.Debug|Any CPU.ActiveCfg = Debug|Any CPU
		{9A0A441F-CAC7-4665-972E-F299C443D00F}.Debug|Any CPU.Build.0 = Debug|Any CPU
		{9A0A441F-CAC7-4665-972E-F299C443D00F}.Debug|x64.ActiveCfg = Debug|Any CPU
		{9A0A441F-CAC7-4665-972E-F299C443D00F}.Debug|x64.Build.0 = Debug|Any CPU
		{9A0A441F-CAC7-4665-972E-F299C443D00F}.Debug|x86.ActiveCfg = Debug|Any CPU
		{9A0A441F-CAC7-4665-972E-F299C443D00F}.Debug|x86.Build.0 = Debug|Any CPU
		{9A0A441F-CAC7-4665-972E-F299C443D00F}.Release|Any CPU.ActiveCfg = Release|Any CPU
		{9A0A441F-CAC7-4665-972E-F299C443D00F}.Release|Any CPU.Build.0 = Release|Any CPU
		{9A0A441F-CAC7-4665-972E-F299C443D00F}.Release|x64.ActiveCfg = Release|Any CPU
		{9A0A441F-CAC7-4665-972E-F299C443D00F}.Release|x64.Build.0 = Release|Any CPU
		{9A0A441F-CAC7-4665-972E-F299C443D00F}.Release|x86.ActiveCfg = Release|Any CPU
		{9A0A441F-CAC7-4665-972E-F299C443D00F}.Release|x86.Build.0 = Release|Any CPU
	EndGlobalSection
	GlobalSection(SolutionProperties) = preSolution
		HideSolutionNode = FALSE
	EndGlobalSection
	GlobalSection(NestedProjects) = preSolution
		{E7ADE783-533C-463A-873C-A9A9877EACFC} = {58BDCE7F-8562-46AD-BB65-52CFDCAC1E7F}
		{78751797-6A9E-46A0-95BA-6D7B066ADF83} = {58BDCE7F-8562-46AD-BB65-52CFDCAC1E7F}
		{A1B2C3D4-E5F6-7890-ABCD-EF1234567890} = {78751797-6A9E-46A0-95BA-6D7B066ADF83}
		{B2C3D4E5-F6A7-8901-BCDE-F12345678901} = {A1B2C3D4-E5F6-7890-ABCD-EF1234567890}
		{2A0CA0AD-8899-41B6-A42E-9861D2EB1C36} = {78751797-6A9E-46A0-95BA-6D7B066ADF83}
		{62F3D4C7-6860-46B6-B20C-CFEB323E97DE} = {78751797-6A9E-46A0-95BA-6D7B066ADF83}
		{DAE56BC8-6701-48C6-BB0E-11AEA66F8D9A} = {78751797-6A9E-46A0-95BA-6D7B066ADF83}
	EndGlobalSection
	GlobalSection(ExtensibilityGlobals) = postSolution
		SolutionGuid = {0AE175CC-351C-46DC-9AF6-60FDF2E57587}
	EndGlobalSection
EndGlobal
